
Microsoft Visual Studio Solution File, Format Version 12.00
# Visual Studio 15
VisualStudioVersion = 15.0.27428.2027
MinimumVisualStudioVersion = 10.0.40219.1
Project("{8BC9CEB8-8B4A-11D0-8D11-00A0C91BC942}") = "NummMeth-problems", "NummMeth-problems\NummMeth-problems.vcxproj", "{B0BAA8F8-B356-4294-9995-13820EE431F5}"
EndProject
Project("{8BC9CEB8-8B4A-11D0-8D11-00A0C91BC942}") = "Mandatory1", "..\..\NUM-METH\NUM-METH problems\Mandatory1\Mandatory1.vcxproj", "{899BF015-4DCE-4BCF-9DB6-D799E84C2D09}"
EndProject
Project("{8BC9CEB8-8B4A-11D0-8D11-00A0C91BC942}") = "Mandatory2", "Mandatory2\Mandatory2.vcxproj", "{4A2FA374-DF62-45E0-B2FD-C8CA0EAEA285}"
EndProject
Project("{8BC9CEB8-8B4A-11D0-8D11-00A0C91BC942}") = "Lecture1-task", "Lecture1-task\Lecture1-task.vcxproj", "{7DBBA71F-F0B3-4D78-9196-1EFD481D34DD}"
EndProject
Project("{8BC9CEB8-8B4A-11D0-8D11-00A0C91BC942}") = "Lecture4-task", "Lecture4-task\Lecture 4 - task.vcxproj", "{4535EEBE-4C10-4507-AC64-36A1352F811B}"
EndProject
Project("{8BC9CEB8-8B4A-11D0-8D11-00A0C91BC942}") = "Lecture5-task", "Lecture5-task\Lecture 5 - task.vcxproj", "{B1B53C34-97A8-49F2-887E-3C801625547B}"
EndProject
Project("{8BC9CEB8-8B4A-11D0-8D11-00A0C91BC942}") = "Lecture2-task", "Lecture2-task\Lecture2-task.vcxproj", "{15DB3D2C-470B-4814-B787-A668999B2547}"
EndProject
Project("{8BC9CEB8-8B4A-11D0-8D11-00A0C91BC942}") = "Lecture6-task", "Lecture6-task\Lecture6-task.vcxproj", "{AE14500A-AD03-4563-AE06-5B123DDBB0ED}"
EndProject
Project("{8BC9CEB8-8B4A-11D0-8D11-00A0C91BC942}") = "Lecture8-task", "Lecture8-task\Lecture8-task.vcxproj", "{6FB53153-EBED-4F14-A604-48774F7D1C44}"
EndProject
Project("{8BC9CEB8-8B4A-11D0-8D11-00A0C91BC942}") = "Lecture9-task", "Lecture9-task\Lecture9-task.vcxproj", "{5263232B-44AA-4926-8241-2F47A405D677}"
EndProject
Project("{8BC9CEB8-8B4A-11D0-8D11-00A0C91BC942}") = "Lecture10-task", "Lecture10-task\Lecture10-task.vcxproj", "{5A79AF02-A149-474A-8A0C-907839019EC7}"
EndProject
Project("{8BC9CEB8-8B4A-11D0-8D11-00A0C91BC942}") = "Lecture11-task", "Lecture11-task\Lecture11-task.vcxproj", "{0697C0A1-5558-4701-BC08-4491329E461D}"
EndProject
Project("{8BC9CEB8-8B4A-11D0-8D11-00A0C91BC942}") = "Lecture12-task", "Lecture12-task\Lecture12-task.vcxproj", "{B861F6A9-561F-4AED-B79A-6A003F336741}"
EndProject
Project("{8BC9CEB8-8B4A-11D0-8D11-00A0C91BC942}") = "Lecture13-task", "Lecture13-task\Lecture13-task.vcxproj", "{273AF64B-99D3-4C4F-8630-05440A85D301}"
EndProject
Project("{8BC9CEB8-8B4A-11D0-8D11-00A0C91BC942}") = "Lecture14-task", "Lecture14-task\Lecture14-task.vcxproj", "{C2FE3FE4-1471-47DB-AA15-5BFF257ACD91}"
EndProject
Project("{8BC9CEB8-8B4A-11D0-8D11-00A0C91BC942}") = "Lecture15-task", "Lecture15-task\Lecture15-task.vcxproj", "{A2E228E8-0A69-41E3-A1FA-074D95C414D2}"
EndProject
Global
	GlobalSection(SolutionConfigurationPlatforms) = preSolution
		Debug|x64 = Debug|x64
		Debug|x86 = Debug|x86
		Release|x64 = Release|x64
		Release|x86 = Release|x86
	EndGlobalSection
	GlobalSection(ProjectConfigurationPlatforms) = postSolution
		{B0BAA8F8-B356-4294-9995-13820EE431F5}.Debug|x64.ActiveCfg = Debug|x64
		{B0BAA8F8-B356-4294-9995-13820EE431F5}.Debug|x64.Build.0 = Debug|x64
		{B0BAA8F8-B356-4294-9995-13820EE431F5}.Debug|x86.ActiveCfg = Debug|Win32
		{B0BAA8F8-B356-4294-9995-13820EE431F5}.Debug|x86.Build.0 = Debug|Win32
		{B0BAA8F8-B356-4294-9995-13820EE431F5}.Release|x64.ActiveCfg = Release|x64
		{B0BAA8F8-B356-4294-9995-13820EE431F5}.Release|x64.Build.0 = Release|x64
		{B0BAA8F8-B356-4294-9995-13820EE431F5}.Release|x86.ActiveCfg = Release|Win32
		{B0BAA8F8-B356-4294-9995-13820EE431F5}.Release|x86.Build.0 = Release|Win32
		{899BF015-4DCE-4BCF-9DB6-D799E84C2D09}.Debug|x64.ActiveCfg = Debug|x64
		{899BF015-4DCE-4BCF-9DB6-D799E84C2D09}.Debug|x64.Build.0 = Debug|x64
		{899BF015-4DCE-4BCF-9DB6-D799E84C2D09}.Debug|x86.ActiveCfg = Debug|Win32
		{899BF015-4DCE-4BCF-9DB6-D799E84C2D09}.Debug|x86.Build.0 = Debug|Win32
		{899BF015-4DCE-4BCF-9DB6-D799E84C2D09}.Release|x64.ActiveCfg = Release|x64
		{899BF015-4DCE-4BCF-9DB6-D799E84C2D09}.Release|x64.Build.0 = Release|x64
		{899BF015-4DCE-4BCF-9DB6-D799E84C2D09}.Release|x86.ActiveCfg = Release|Win32
		{899BF015-4DCE-4BCF-9DB6-D799E84C2D09}.Release|x86.Build.0 = Release|Win32
		{4A2FA374-DF62-45E0-B2FD-C8CA0EAEA285}.Debug|x64.ActiveCfg = Debug|x64
		{4A2FA374-DF62-45E0-B2FD-C8CA0EAEA285}.Debug|x64.Build.0 = Debug|x64
		{4A2FA374-DF62-45E0-B2FD-C8CA0EAEA285}.Debug|x86.ActiveCfg = Debug|Win32
		{4A2FA374-DF62-45E0-B2FD-C8CA0EAEA285}.Debug|x86.Build.0 = Debug|Win32
		{4A2FA374-DF62-45E0-B2FD-C8CA0EAEA285}.Release|x64.ActiveCfg = Release|x64
		{4A2FA374-DF62-45E0-B2FD-C8CA0EAEA285}.Release|x64.Build.0 = Release|x64
		{4A2FA374-DF62-45E0-B2FD-C8CA0EAEA285}.Release|x86.ActiveCfg = Release|Win32
		{4A2FA374-DF62-45E0-B2FD-C8CA0EAEA285}.Release|x86.Build.0 = Release|Win32
		{7DBBA71F-F0B3-4D78-9196-1EFD481D34DD}.Debug|x64.ActiveCfg = Debug|x64
		{7DBBA71F-F0B3-4D78-9196-1EFD481D34DD}.Debug|x64.Build.0 = Debug|x64
		{7DBBA71F-F0B3-4D78-9196-1EFD481D34DD}.Debug|x86.ActiveCfg = Debug|Win32
		{7DBBA71F-F0B3-4D78-9196-1EFD481D34DD}.Debug|x86.Build.0 = Debug|Win32
		{7DBBA71F-F0B3-4D78-9196-1EFD481D34DD}.Release|x64.ActiveCfg = Release|x64
		{7DBBA71F-F0B3-4D78-9196-1EFD481D34DD}.Release|x64.Build.0 = Release|x64
		{7DBBA71F-F0B3-4D78-9196-1EFD481D34DD}.Release|x86.ActiveCfg = Release|Win32
		{7DBBA71F-F0B3-4D78-9196-1EFD481D34DD}.Release|x86.Build.0 = Release|Win32
		{4535EEBE-4C10-4507-AC64-36A1352F811B}.Debug|x64.ActiveCfg = Debug|x64
		{4535EEBE-4C10-4507-AC64-36A1352F811B}.Debug|x64.Build.0 = Debug|x64
		{4535EEBE-4C10-4507-AC64-36A1352F811B}.Debug|x86.ActiveCfg = Debug|Win32
		{4535EEBE-4C10-4507-AC64-36A1352F811B}.Debug|x86.Build.0 = Debug|Win32
		{4535EEBE-4C10-4507-AC64-36A1352F811B}.Release|x64.ActiveCfg = Release|x64
		{4535EEBE-4C10-4507-AC64-36A1352F811B}.Release|x64.Build.0 = Release|x64
		{4535EEBE-4C10-4507-AC64-36A1352F811B}.Release|x86.ActiveCfg = Release|Win32
		{4535EEBE-4C10-4507-AC64-36A1352F811B}.Release|x86.Build.0 = Release|Win32
		{B1B53C34-97A8-49F2-887E-3C801625547B}.Debug|x64.ActiveCfg = Debug|x64
		{B1B53C34-97A8-49F2-887E-3C801625547B}.Debug|x64.Build.0 = Debug|x64
		{B1B53C34-97A8-49F2-887E-3C801625547B}.Debug|x86.ActiveCfg = Debug|Win32
		{B1B53C34-97A8-49F2-887E-3C801625547B}.Debug|x86.Build.0 = Debug|Win32
		{B1B53C34-97A8-49F2-887E-3C801625547B}.Release|x64.ActiveCfg = Release|x64
		{B1B53C34-97A8-49F2-887E-3C801625547B}.Release|x64.Build.0 = Release|x64
		{B1B53C34-97A8-49F2-887E-3C801625547B}.Release|x86.ActiveCfg = Release|Win32
		{B1B53C34-97A8-49F2-887E-3C801625547B}.Release|x86.Build.0 = Release|Win32
		{15DB3D2C-470B-4814-B787-A668999B2547}.Debug|x64.ActiveCfg = Debug|x64
		{15DB3D2C-470B-4814-B787-A668999B2547}.Debug|x64.Build.0 = Debug|x64
		{15DB3D2C-470B-4814-B787-A668999B2547}.Debug|x86.ActiveCfg = Debug|Win32
		{15DB3D2C-470B-4814-B787-A668999B2547}.Debug|x86.Build.0 = Debug|Win32
		{15DB3D2C-470B-4814-B787-A668999B2547}.Release|x64.ActiveCfg = Release|x64
		{15DB3D2C-470B-4814-B787-A668999B2547}.Release|x64.Build.0 = Release|x64
		{15DB3D2C-470B-4814-B787-A668999B2547}.Release|x86.ActiveCfg = Release|Win32
		{15DB3D2C-470B-4814-B787-A668999B2547}.Release|x86.Build.0 = Release|Win32
		{AE14500A-AD03-4563-AE06-5B123DDBB0ED}.Debug|x64.ActiveCfg = Debug|x64
		{AE14500A-AD03-4563-AE06-5B123DDBB0ED}.Debug|x64.Build.0 = Debug|x64
		{AE14500A-AD03-4563-AE06-5B123DDBB0ED}.Debug|x86.ActiveCfg = Debug|Win32
		{AE14500A-AD03-4563-AE06-5B123DDBB0ED}.Debug|x86.Build.0 = Debug|Win32
		{AE14500A-AD03-4563-AE06-5B123DDBB0ED}.Release|x64.ActiveCfg = Release|x64
		{AE14500A-AD03-4563-AE06-5B123DDBB0ED}.Release|x64.Build.0 = Release|x64
		{AE14500A-AD03-4563-AE06-5B123DDBB0ED}.Release|x86.ActiveCfg = Release|Win32
		{AE14500A-AD03-4563-AE06-5B123DDBB0ED}.Release|x86.Build.0 = Release|Win32
		{6FB53153-EBED-4F14-A604-48774F7D1C44}.Debug|x64.ActiveCfg = Debug|x64
		{6FB53153-EBED-4F14-A604-48774F7D1C44}.Debug|x64.Build.0 = Debug|x64
		{6FB53153-EBED-4F14-A604-48774F7D1C44}.Debug|x86.ActiveCfg = Debug|Win32
		{6FB53153-EBED-4F14-A604-48774F7D1C44}.Debug|x86.Build.0 = Debug|Win32
		{6FB53153-EBED-4F14-A604-48774F7D1C44}.Release|x64.ActiveCfg = Release|x64
		{6FB53153-EBED-4F14-A604-48774F7D1C44}.Release|x64.Build.0 = Release|x64
		{6FB53153-EBED-4F14-A604-48774F7D1C44}.Release|x86.ActiveCfg = Release|Win32
		{6FB53153-EBED-4F14-A604-48774F7D1C44}.Release|x86.Build.0 = Release|Win32
		{5263232B-44AA-4926-8241-2F47A405D677}.Debug|x64.ActiveCfg = Debug|x64
		{5263232B-44AA-4926-8241-2F47A405D677}.Debug|x64.Build.0 = Debug|x64
		{5263232B-44AA-4926-8241-2F47A405D677}.Debug|x86.ActiveCfg = Debug|Win32
		{5263232B-44AA-4926-8241-2F47A405D677}.Debug|x86.Build.0 = Debug|Win32
		{5263232B-44AA-4926-8241-2F47A405D677}.Release|x64.ActiveCfg = Release|x64
		{5263232B-44AA-4926-8241-2F47A405D677}.Release|x64.Build.0 = Release|x64
		{5263232B-44AA-4926-8241-2F47A405D677}.Release|x86.ActiveCfg = Release|Win32
		{5263232B-44AA-4926-8241-2F47A405D677}.Release|x86.Build.0 = Release|Win32
		{5A79AF02-A149-474A-8A0C-907839019EC7}.Debug|x64.ActiveCfg = Debug|x64
		{5A79AF02-A149-474A-8A0C-907839019EC7}.Debug|x64.Build.0 = Debug|x64
		{5A79AF02-A149-474A-8A0C-907839019EC7}.Debug|x86.ActiveCfg = Debug|Win32
		{5A79AF02-A149-474A-8A0C-907839019EC7}.Debug|x86.Build.0 = Debug|Win32
		{5A79AF02-A149-474A-8A0C-907839019EC7}.Release|x64.ActiveCfg = Release|x64
		{5A79AF02-A149-474A-8A0C-907839019EC7}.Release|x64.Build.0 = Release|x64
		{5A79AF02-A149-474A-8A0C-907839019EC7}.Release|x86.ActiveCfg = Release|Win32
		{5A79AF02-A149-474A-8A0C-907839019EC7}.Release|x86.Build.0 = Release|Win32
		{0697C0A1-5558-4701-BC08-4491329E461D}.Debug|x64.ActiveCfg = Debug|x64
		{0697C0A1-5558-4701-BC08-4491329E461D}.Debug|x64.Build.0 = Debug|x64
		{0697C0A1-5558-4701-BC08-4491329E461D}.Debug|x86.ActiveCfg = Debug|Win32
		{0697C0A1-5558-4701-BC08-4491329E461D}.Debug|x86.Build.0 = Debug|Win32
		{0697C0A1-5558-4701-BC08-4491329E461D}.Release|x64.ActiveCfg = Release|x64
		{0697C0A1-5558-4701-BC08-4491329E461D}.Release|x64.Build.0 = Release|x64
		{0697C0A1-5558-4701-BC08-4491329E461D}.Release|x86.ActiveCfg = Release|Win32
		{0697C0A1-5558-4701-BC08-4491329E461D}.Release|x86.Build.0 = Release|Win32
		{B861F6A9-561F-4AED-B79A-6A003F336741}.Debug|x64.ActiveCfg = Debug|x64
		{B861F6A9-561F-4AED-B79A-6A003F336741}.Debug|x64.Build.0 = Debug|x64
		{B861F6A9-561F-4AED-B79A-6A003F336741}.Debug|x86.ActiveCfg = Debug|Win32
		{B861F6A9-561F-4AED-B79A-6A003F336741}.Debug|x86.Build.0 = Debug|Win32
		{B861F6A9-561F-4AED-B79A-6A003F336741}.Release|x64.ActiveCfg = Release|x64
		{B861F6A9-561F-4AED-B79A-6A003F336741}.Release|x64.Build.0 = Release|x64
		{B861F6A9-561F-4AED-B79A-6A003F336741}.Release|x86.ActiveCfg = Release|Win32
		{B861F6A9-561F-4AED-B79A-6A003F336741}.Release|x86.Build.0 = Release|Win32
		{273AF64B-99D3-4C4F-8630-05440A85D301}.Debug|x64.ActiveCfg = Debug|x64
		{273AF64B-99D3-4C4F-8630-05440A85D301}.Debug|x64.Build.0 = Debug|x64
		{273AF64B-99D3-4C4F-8630-05440A85D301}.Debug|x86.ActiveCfg = Debug|Win32
		{273AF64B-99D3-4C4F-8630-05440A85D301}.Debug|x86.Build.0 = Debug|Win32
		{273AF64B-99D3-4C4F-8630-05440A85D301}.Release|x64.ActiveCfg = Release|x64
		{273AF64B-99D3-4C4F-8630-05440A85D301}.Release|x64.Build.0 = Release|x64
		{273AF64B-99D3-4C4F-8630-05440A85D301}.Release|x86.ActiveCfg = Release|Win32
		{273AF64B-99D3-4C4F-8630-05440A85D301}.Release|x86.Build.0 = Release|Win32
		{C2FE3FE4-1471-47DB-AA15-5BFF257ACD91}.Debug|x64.ActiveCfg = Debug|x64
		{C2FE3FE4-1471-47DB-AA15-5BFF257ACD91}.Debug|x64.Build.0 = Debug|x64
		{C2FE3FE4-1471-47DB-AA15-5BFF257ACD91}.Debug|x86.ActiveCfg = Debug|Win32
		{C2FE3FE4-1471-47DB-AA15-5BFF257ACD91}.Debug|x86.Build.0 = Debug|Win32
		{C2FE3FE4-1471-47DB-AA15-5BFF257ACD91}.Release|x64.ActiveCfg = Release|x64
		{C2FE3FE4-1471-47DB-AA15-5BFF257ACD91}.Release|x64.Build.0 = Release|x64
		{C2FE3FE4-1471-47DB-AA15-5BFF257ACD91}.Release|x86.ActiveCfg = Release|Win32
		{C2FE3FE4-1471-47DB-AA15-5BFF257ACD91}.Release|x86.Build.0 = Release|Win32
		{A2E228E8-0A69-41E3-A1FA-074D95C414D2}.Debug|x64.ActiveCfg = Debug|x64
		{A2E228E8-0A69-41E3-A1FA-074D95C414D2}.Debug|x64.Build.0 = Debug|x64
		{A2E228E8-0A69-41E3-A1FA-074D95C414D2}.Debug|x86.ActiveCfg = Debug|Win32
		{A2E228E8-0A69-41E3-A1FA-074D95C414D2}.Debug|x86.Build.0 = Debug|Win32
		{A2E228E8-0A69-41E3-A1FA-074D95C414D2}.Release|x64.ActiveCfg = Release|x64
		{A2E228E8-0A69-41E3-A1FA-074D95C414D2}.Release|x64.Build.0 = Release|x64
		{A2E228E8-0A69-41E3-A1FA-074D95C414D2}.Release|x86.ActiveCfg = Release|Win32
		{A2E228E8-0A69-41E3-A1FA-074D95C414D2}.Release|x86.Build.0 = Release|Win32
	EndGlobalSection
	GlobalSection(SolutionProperties) = preSolution
		HideSolutionNode = FALSE
	EndGlobalSection
	GlobalSection(ExtensibilityGlobals) = postSolution
		SolutionGuid = {5239C8EC-097D-412D-9A14-D032890B091F}
	EndGlobalSection
EndGlobal
